
Microsoft Visual Studio Solution File, Format Version 12.00
# Visual Studio 15
VisualStudioVersion = 15.0.27130.2036
MinimumVisualStudioVersion = 10.0.40219.1
Project("{FAE04EC0-301F-11D3-BF4B-00C04F79EFBC}") = "Utiles", "Utils\Utiles.csproj", "{729D495F-7555-4294-8CA0-F9B24ABD794B}"
EndProject
Project("{00D1A9C2-B5F0-4AF3-8072-F6C62B433612}") = "BaseDatos", "BaseDatos\BaseDatos.sqlproj", "{ED7B1ABC-1A9B-4BA5-A159-CBE696CFDCBB}"
EndProject
Project("{FAE04EC0-301F-11D3-BF4B-00C04F79EFBC}") = "Presentacion", "Presentacion\Presentacion.csproj", "{2BB46010-AD37-466A-8339-1074D9D0346D}"
EndProject
Global
	GlobalSection(SolutionConfigurationPlatforms) = preSolution
		Debug|Any CPU = Debug|Any CPU
		Release|Any CPU = Release|Any CPU
	EndGlobalSection
	GlobalSection(ProjectConfigurationPlatforms) = postSolution
		{729D495F-7555-4294-8CA0-F9B24ABD794B}.Debug|Any CPU.ActiveCfg = Debug|Any CPU
		{729D495F-7555-4294-8CA0-F9B24ABD794B}.Debug|Any CPU.Build.0 = Debug|Any CPU
		{729D495F-7555-4294-8CA0-F9B24ABD794B}.Release|Any CPU.ActiveCfg = Release|Any CPU
		{729D495F-7555-4294-8CA0-F9B24ABD794B}.Release|Any CPU.Build.0 = Release|Any CPU
		{ED7B1ABC-1A9B-4BA5-A159-CBE696CFDCBB}.Debug|Any CPU.ActiveCfg = Debug|Any CPU
		{ED7B1ABC-1A9B-4BA5-A159-CBE696CFDCBB}.Debug|Any CPU.Build.0 = Debug|Any CPU
		{ED7B1ABC-1A9B-4BA5-A159-CBE696CFDCBB}.Debug|Any CPU.Deploy.0 = Debug|Any CPU
		{ED7B1ABC-1A9B-4BA5-A159-CBE696CFDCBB}.Release|Any CPU.ActiveCfg = Release|Any CPU
		{ED7B1ABC-1A9B-4BA5-A159-CBE696CFDCBB}.Release|Any CPU.Build.0 = Release|Any CPU
		{ED7B1ABC-1A9B-4BA5-A159-CBE696CFDCBB}.Release|Any CPU.Deploy.0 = Release|Any CPU
		{2BB46010-AD37-466A-8339-1074D9D0346D}.Debug|Any CPU.ActiveCfg = Debug|Any CPU
		{2BB46010-AD37-466A-8339-1074D9D0346D}.Debug|Any CPU.Build.0 = Debug|Any CPU
		{2BB46010-AD37-466A-8339-1074D9D0346D}.Release|Any CPU.ActiveCfg = Release|Any CPU
		{2BB46010-AD37-466A-8339-1074D9D0346D}.Release|Any CPU.Build.0 = Release|Any CPU
	EndGlobalSection
	GlobalSection(SolutionProperties) = preSolution
		HideSolutionNode = FALSE
	EndGlobalSection
	GlobalSection(ExtensibilityGlobals) = postSolution
		SolutionGuid = {044EA4F3-4343-47C6-B571-5E7D453F45A2}
	EndGlobalSection
EndGlobal
